// !$*UTF8*$!
{
	archiveVersion = 1;
	classes = {
	};
	objectVersion = 77;
	objects = {

/* Begin PBXContainerItemProxy section */
		86EE458D2DEE5F3100A532D8 /* PBXContainerItemProxy */ = {
			isa = PBXContainerItemProxy;
			containerPortal = 86EE45772DEE5F3000A532D8 /* Project object */;
			proxyType = 1;
			remoteGlobalIDString = 86EE457E2DEE5F3000A532D8;
			remoteInfo = JellyApp;
		};
		86EE45972DEE5F3200A532D8 /* PBXContainerItemProxy */ = {
			isa = PBXContainerItemProxy;
			containerPortal = 86EE45772DEE5F3000A532D8 /* Project object */;
			proxyType = 1;
			remoteGlobalIDString = 86EE457E2DEE5F3000A532D8;
			remoteInfo = JellyApp;
		};
/* End PBXContainerItemProxy section */

/* Begin PBXFileReference section */
		86EE457F2DEE5F3000A532D8 /* JellyApp.app */ = {isa = PBXFileReference; explicitFileType = wrapper.application; includeInIndex = 0; path = JellyApp.app; sourceTree = BUILT_PRODUCTS_DIR; };
		86EE458C2DEE5F3100A532D8 /* JellyAppTests.xctest */ = {isa = PBXFileReference; explicitFileType = wrapper.cfbundle; includeInIndex = 0; path = JellyAppTests.xctest; sourceTree = BUILT_PRODUCTS_DIR; };
		86EE45962DEE5F3200A532D8 /* JellyAppUITests.xctest */ = {isa = PBXFileReference; explicitFileType = wrapper.cfbundle; includeInIndex = 0; path = JellyAppUITests.xctest; sourceTree = BUILT_PRODUCTS_DIR; };
/* End PBXFileReference section */

/* Begin PBXFileSystemSynchronizedBuildFileExceptionSet section */
		86EE46552DEE779000A532D8 /* Exceptions for "JellyApp" folder in "JellyApp" target */ = {
			isa = PBXFileSystemSynchronizedBuildFileExceptionSet;
			membershipExceptions = (
				Info.plist,
			);
			target = 86EE457E2DEE5F3000A532D8 /* JellyApp */;
		};
/* End PBXFileSystemSynchronizedBuildFileExceptionSet section */

/* Begin PBXFileSystemSynchronizedRootGroup section */
		86EE45812DEE5F3000A532D8 /* JellyApp */ = {
			isa = PBXFileSystemSynchronizedRootGroup;
			exceptions = (
				86EE46552DEE779000A532D8 /* Exceptions for "JellyApp" folder in "JellyApp" target */,
			);
			path = JellyApp;
			sourceTree = "<group>";
		};
		86EE458F2DEE5F3100A532D8 /* JellyAppTests */ = {
			isa = PBXFileSystemSynchronizedRootGroup;
			path = JellyAppTests;
			sourceTree = "<group>";
		};
		86EE45992DEE5F3200A532D8 /* JellyAppUITests */ = {
			isa = PBXFileSystemSynchronizedRootGroup;
			path = JellyAppUITests;
			sourceTree = "<group>";
		};
/* End PBXFileSystemSynchronizedRootGroup section */

/* Begin PBXFrameworksBuildPhase section */
		86EE457C2DEE5F3000A532D8 /* Frameworks */ = {
			isa = PBXFrameworksBuildPhase;
			buildActionMask = 2147483647;
			files = (
			);
			runOnlyForDeploymentPostprocessing = 0;
		};
		86EE45892DEE5F3100A532D8 /* Frameworks */ = {
			isa = PBXFrameworksBuildPhase;
			buildActionMask = 2147483647;
			files = (
			);
			runOnlyForDeploymentPostprocessing = 0;
		};
		86EE45932DEE5F3200A532D8 /* Frameworks */ = {
			isa = PBXFrameworksBuildPhase;
			buildActionMask = 2147483647;
			files = (
			);
			runOnlyForDeploymentPostprocessing = 0;
		};
/* End PBXFrameworksBuildPhase section */

/* Begin PBXGroup section */
		86EE45762DEE5F3000A532D8 = {
			isa = PBXGroup;
			children = (
				86EE45812DEE5F3000A532D8 /* JellyApp */,
				86EE458F2DEE5F3100A532D8 /* JellyAppTests */,
				86EE45992DEE5F3200A532D8 /* JellyAppUITests */,
				86EE45802DEE5F3000A532D8 /* Products */,
			);
			sourceTree = "<group>";
		};
		86EE45802DEE5F3000A532D8 /* Products */ = {
			isa = PBXGroup;
			children = (
				86EE457F2DEE5F3000A532D8 /* JellyApp.app */,
				86EE458C2DEE5F3100A532D8 /* JellyAppTests.xctest */,
				86EE45962DEE5F3200A532D8 /* JellyAppUITests.xctest */,
			);
			name = Products;
			sourceTree = "<group>";
		};
/* End PBXGroup section */

/* Begin PBXNativeTarget section */
		86EE457E2DEE5F3000A532D8 /* JellyApp */ = {
			isa = PBXNativeTarget;
			buildConfigurationList = 86EE45A02DEE5F3200A532D8 /* Build configuration list for PBXNativeTarget "JellyApp" */;
			buildPhases = (
				86EE457B2DEE5F3000A532D8 /* Sources */,
				86EE457C2DEE5F3000A532D8 /* Frameworks */,
				86EE457D2DEE5F3000A532D8 /* Resources */,
			);
			buildRules = (
			);
			dependencies = (
			);
			fileSystemSynchronizedGroups = (
				86EE45812DEE5F3000A532D8 /* JellyApp */,
			);
			name = JellyApp;
			packageProductDependencies = (
			);
			productName = JellyApp;
			productReference = 86EE457F2DEE5F3000A532D8 /* JellyApp.app */;
			productType = "com.apple.product-type.application";
		};
		86EE458B2DEE5F3100A532D8 /* JellyAppTests */ = {
			isa = PBXNativeTarget;
			buildConfigurationList = 86EE45A32DEE5F3200A532D8 /* Build configuration list for PBXNativeTarget "JellyAppTests" */;
			buildPhases = (
				86EE45882DEE5F3100A532D8 /* Sources */,
				86EE45892DEE5F3100A532D8 /* Frameworks */,
				86EE458A2DEE5F3100A532D8 /* Resources */,
			);
			buildRules = (
			);
			dependencies = (
				86EE458E2DEE5F3100A532D8 /* PBXTargetDependency */,
			);
			fileSystemSynchronizedGroups = (
				86EE458F2DEE5F3100A532D8 /* JellyAppTests */,
			);
			name = JellyAppTests;
			packageProductDependencies = (
			);
			productName = JellyAppTests;
			productReference = 86EE458C2DEE5F3100A532D8 /* JellyAppTests.xctest */;
			productType = "com.apple.product-type.bundle.unit-test";
		};
		86EE45952DEE5F3200A532D8 /* JellyAppUITests */ = {
			isa = PBXNativeTarget;
			buildConfigurationList = 86EE45A62DEE5F3200A532D8 /* Build configuration list for PBXNativeTarget "JellyAppUITests" */;
			buildPhases = (
				86EE45922DEE5F3200A532D8 /* Sources */,
				86EE45932DEE5F3200A532D8 /* Frameworks */,
				86EE45942DEE5F3200A532D8 /* Resources */,
			);
			buildRules = (
			);
			dependencies = (
				86EE45982DEE5F3200A532D8 /* PBXTargetDependency */,
			);
			fileSystemSynchronizedGroups = (
				86EE45992DEE5F3200A532D8 /* JellyAppUITests */,
			);
			name = JellyAppUITests;
			packageProductDependencies = (
			);
			productName = JellyAppUITests;
			productReference = 86EE45962DEE5F3200A532D8 /* JellyAppUITests.xctest */;
			productType = "com.apple.product-type.bundle.ui-testing";
		};
/* End PBXNativeTarget section */

/* Begin PBXProject section */
		86EE45772DEE5F3000A532D8 /* Project object */ = {
			isa = PBXProject;
			attributes = {
				BuildIndependentTargetsInParallel = 1;
				LastSwiftUpdateCheck = 1640;
				LastUpgradeCheck = 1640;
				TargetAttributes = {
					86EE457E2DEE5F3000A532D8 = {
						CreatedOnToolsVersion = 16.4;
					};
					86EE458B2DEE5F3100A532D8 = {
						CreatedOnToolsVersion = 16.4;
						TestTargetID = 86EE457E2DEE5F3000A532D8;
					};
					86EE45952DEE5F3200A532D8 = {
						CreatedOnToolsVersion = 16.4;
						TestTargetID = 86EE457E2DEE5F3000A532D8;
					};
				};
			};
			buildConfigurationList = 86EE457A2DEE5F3000A532D8 /* Build configuration list for PBXProject "JellyApp" */;
			developmentRegion = en;
			hasScannedForEncodings = 0;
			knownRegions = (
				en,
				Base,
			);
			mainGroup = 86EE45762DEE5F3000A532D8;
			minimizedProjectReferenceProxies = 1;
			packageReferences = (
			);
			preferredProjectObjectVersion = 77;
			productRefGroup = 86EE45802DEE5F3000A532D8 /* Products */;
			projectDirPath = "";
			projectRoot = "";
			targets = (
				86EE457E2DEE5F3000A532D8 /* JellyApp */,
				86EE458B2DEE5F3100A532D8 /* JellyAppTests */,
				86EE45952DEE5F3200A532D8 /* JellyAppUITests */,
			);
		};
/* End PBXProject section */

/* Begin PBXResourcesBuildPhase section */
		86EE457D2DEE5F3000A532D8 /* Resources */ = {
			isa = PBXResourcesBuildPhase;
			buildActionMask = 2147483647;
			files = (
			);
			runOnlyForDeploymentPostprocessing = 0;
		};
		86EE458A2DEE5F3100A532D8 /* Resources */ = {
			isa = PBXResourcesBuildPhase;
			buildActionMask = 2147483647;
			files = (
			);
			runOnlyForDeploymentPostprocessing = 0;
		};
		86EE45942DEE5F3200A532D8 /* Resources */ = {
			isa = PBXResourcesBuildPhase;
			buildActionMask = 2147483647;
			files = (
			);
			runOnlyForDeploymentPostprocessing = 0;
		};
/* End PBXResourcesBuildPhase section */

/* Begin PBXSourcesBuildPhase section */
		86EE457B2DEE5F3000A532D8 /* Sources */ = {
			isa = PBXSourcesBuildPhase;
			buildActionMask = 2147483647;
			files = (
			);
			runOnlyForDeploymentPostprocessing = 0;
		};
		86EE45882DEE5F3100A532D8 /* Sources */ = {
			isa = PBXSourcesBuildPhase;
			buildActionMask = 2147483647;
			files = (
			);
			runOnlyForDeploymentPostprocessing = 0;
		};
		86EE45922DEE5F3200A532D8 /* Sources */ = {
			isa = PBXSourcesBuildPhase;
			buildActionMask = 2147483647;
			files = (
			);
			runOnlyForDeploymentPostprocessing = 0;
		};
/* End PBXSourcesBuildPhase section */

/* Begin PBXTargetDependency section */
		86EE458E2DEE5F3100A532D8 /* PBXTargetDependency */ = {
			isa = PBXTargetDependency;
			target = 86EE457E2DEE5F3000A532D8 /* JellyApp */;
			targetProxy = 86EE458D2DEE5F3100A532D8 /* PBXContainerItemProxy */;
		};
		86EE45982DEE5F3200A532D8 /* PBXTargetDependency */ = {
			isa = PBXTargetDependency;
			target = 86EE457E2DEE5F3000A532D8 /* JellyApp */;
			targetProxy = 86EE45972DEE5F3200A532D8 /* PBXContainerItemProxy */;
		};
/* End PBXTargetDependency section */

/* Begin XCBuildConfiguration section */
		86EE459E2DEE5F3200A532D8 /* Debug */ = {
			isa = XCBuildConfiguration;
			buildSettings = {
				ALWAYS_SEARCH_USER_PATHS = NO;
				ASSETCATALOG_COMPILER_GENERATE_SWIFT_ASSET_SYMBOL_EXTENSIONS = YES;
				CLANG_ANALYZER_NONNULL = YES;
				CLANG_ANALYZER_NUMBER_OBJECT_CONVERSION = YES_AGGRESSIVE;
				CLANG_CXX_LANGUAGE_STANDARD = "gnu++20";
				CLANG_ENABLE_MODULES = YES;
				CLANG_ENABLE_OBJC_ARC = YES;
				CLANG_ENABLE_OBJC_WEAK = YES;
				CLANG_WARN_BLOCK_CAPTURE_AUTORELEASING = YES;
				CLANG_WARN_BOOL_CONVERSION = YES;
				CLANG_WARN_COMMA = YES;
				CLANG_WARN_CONSTANT_CONVERSION = YES;
				CLANG_WARN_DEPRECATED_OBJC_IMPLEMENTATIONS = YES;
				CLANG_WARN_DIRECT_OBJC_ISA_USAGE = YES_ERROR;
				CLANG_WARN_DOCUMENTATION_COMMENTS = YES;
				CLANG_WARN_EMPTY_BODY = YES;
				CLANG_WARN_ENUM_CONVERSION = YES;
				CLANG_WARN_INFINITE_RECURSION = YES;
				CLANG_WARN_INT_CONVERSION = YES;
				CLANG_WARN_NON_LITERAL_NULL_CONVERSION = YES;
				CLANG_WARN_OBJC_IMPLICIT_RETAIN_SELF = YES;
				CLANG_WARN_OBJC_LITERAL_CONVERSION = YES;
				CLANG_WARN_OBJC_ROOT_CLASS = YES_ERROR;
				CLANG_WARN_QUOTED_INCLUDE_IN_FRAMEWORK_HEADER = YES;
				CLANG_WARN_RANGE_LOOP_ANALYSIS = YES;
				CLANG_WARN_STRICT_PROTOTYPES = YES;
				CLANG_WARN_SUSPICIOUS_MOVE = YES;
				CLANG_WARN_UNGUARDED_AVAILABILITY = YES_AGGRESSIVE;
				CLANG_WARN_UNREACHABLE_CODE = YES;
				CLANG_WARN__DUPLICATE_METHOD_MATCH = YES;
				COPY_PHASE_STRIP = NO;
				DEBUG_INFORMATION_FORMAT = dwarf;
				DEVELOPMENT_TEAM = XR5FURT8Z7;
				ENABLE_STRICT_OBJC_MSGSEND = YES;
				ENABLE_TESTABILITY = YES;
				ENABLE_USER_SCRIPT_SANDBOXING = YES;
				GCC_C_LANGUAGE_STANDARD = gnu17;
				GCC_DYNAMIC_NO_PIC = NO;
				GCC_NO_COMMON_BLOCKS = YES;
				GCC_OPTIMIZATION_LEVEL = 0;
				GCC_PREPROCESSOR_DEFINITIONS = (
					"DEBUG=1",
					"$(inherited)",
				);
				GCC_WARN_64_TO_32_BIT_CONVERSION = YES;
				GCC_WARN_ABOUT_RETURN_TYPE = YES_ERROR;
				GCC_WARN_UNDECLARED_SELECTOR = YES;
				GCC_WARN_UNINITIALIZED_AUTOS = YES_AGGRESSIVE;
				GCC_WARN_UNUSED_FUNCTION = YES;
				GCC_WARN_UNUSED_VARIABLE = YES;
				IPHONEOS_DEPLOYMENT_TARGET = 18.5;
				LOCALIZATION_PREFERS_STRING_CATALOGS = YES;
				MTL_ENABLE_DEBUG_INFO = INCLUDE_SOURCE;
				MTL_FAST_MATH = YES;
				ONLY_ACTIVE_ARCH = YES;
				SDKROOT = iphoneos;
				SWIFT_ACTIVE_COMPILATION_CONDITIONS = "DEBUG $(inherited)";
				SWIFT_OPTIMIZATION_LEVEL = "-Onone";
			};
			name = Debug;
		};
		86EE459F2DEE5F3200A532D8 /* Release */ = {
			isa = XCBuildConfiguration;
			buildSettings = {
				ALWAYS_SEARCH_USER_PATHS = NO;
				ASSETCATALOG_COMPILER_GENERATE_SWIFT_ASSET_SYMBOL_EXTENSIONS = YES;
				CLANG_ANALYZER_NONNULL = YES;
				CLANG_ANALYZER_NUMBER_OBJECT_CONVERSION = YES_AGGRESSIVE;
				CLANG_CXX_LANGUAGE_STANDARD = "gnu++20";
				CLANG_ENABLE_MODULES = YES;
				CLANG_ENABLE_OBJC_ARC = YES;
				CLANG_ENABLE_OBJC_WEAK = YES;
				CLANG_WARN_BLOCK_CAPTURE_AUTORELEASING = YES;
				CLANG_WARN_BOOL_CONVERSION = YES;
				CLANG_WARN_COMMA = YES;
				CLANG_WARN_CONSTANT_CONVERSION = YES;
				CLANG_WARN_DEPRECATED_OBJC_IMPLEMENTATIONS = YES;
				CLANG_WARN_DIRECT_OBJC_ISA_USAGE = YES_ERROR;
				CLANG_WARN_DOCUMENTATION_COMMENTS = YES;
				CLANG_WARN_EMPTY_BODY = YES;
				CLANG_WARN_ENUM_CONVERSION = YES;
				CLANG_WARN_INFINITE_RECURSION = YES;
				CLANG_WARN_INT_CONVERSION = YES;
				CLANG_WARN_NON_LITERAL_NULL_CONVERSION = YES;
				CLANG_WARN_OBJC_IMPLICIT_RETAIN_SELF = YES;
				CLANG_WARN_OBJC_LITERAL_CONVERSION = YES;
				CLANG_WARN_OBJC_ROOT_CLASS = YES_ERROR;
				CLANG_WARN_QUOTED_INCLUDE_IN_FRAMEWORK_HEADER = YES;
				CLANG_WARN_RANGE_LOOP_ANALYSIS = YES;
				CLANG_WARN_STRICT_PROTOTYPES = YES;
				CLANG_WARN_SUSPICIOUS_MOVE = YES;
				CLANG_WARN_UNGUARDED_AVAILABILITY = YES_AGGRESSIVE;
				CLANG_WARN_UNREACHABLE_CODE = YES;
				CLANG_WARN__DUPLICATE_METHOD_MATCH = YES;
				COPY_PHASE_STRIP = NO;
				DEBUG_INFORMATION_FORMAT = "dwarf-with-dsym";
				DEVELOPMENT_TEAM = XR5FURT8Z7;
				ENABLE_NS_ASSERTIONS = NO;
				ENABLE_STRICT_OBJC_MSGSEND = YES;
				ENABLE_USER_SCRIPT_SANDBOXING = YES;
				GCC_C_LANGUAGE_STANDARD = gnu17;
				GCC_NO_COMMON_BLOCKS = YES;
				GCC_WARN_64_TO_32_BIT_CONVERSION = YES;
				GCC_WARN_ABOUT_RETURN_TYPE = YES_ERROR;
				GCC_WARN_UNDECLARED_SELECTOR = YES;
				GCC_WARN_UNINITIALIZED_AUTOS = YES_AGGRESSIVE;
				GCC_WARN_UNUSED_FUNCTION = YES;
				GCC_WARN_UNUSED_VARIABLE = YES;
				IPHONEOS_DEPLOYMENT_TARGET = 18.5;
				LOCALIZATION_PREFERS_STRING_CATALOGS = YES;
				MTL_ENABLE_DEBUG_INFO = NO;
				MTL_FAST_MATH = YES;
				SDKROOT = iphoneos;
				SWIFT_COMPILATION_MODE = wholemodule;
				VALIDATE_PRODUCT = YES;
			};
			name = Release;
		};
		86EE45A12DEE5F3200A532D8 /* Debug */ = {
			isa = XCBuildConfiguration;
			buildSettings = {
				ASSETCATALOG_COMPILER_APPICON_NAME = AppIcon;
				ASSETCATALOG_COMPILER_GLOBAL_ACCENT_COLOR_NAME = AccentColor;
				CODE_SIGN_STYLE = Automatic;
				CURRENT_PROJECT_VERSION = 1;
				DEVELOPMENT_TEAM = XR5FURT8Z7;
				ENABLE_PREVIEWS = YES;
				GENERATE_INFOPLIST_FILE = YES;
				INFOPLIST_FILE = JellyApp/Info.plist;
				INFOPLIST_KEY_NSCameraUsageDescription = "\"This app uses the camera to capture photos and videos.\"";
				INFOPLIST_KEY_NSMicrophoneUsageDescription = "\"This app requires access to the microphone to record audio with video.\"";
				INFOPLIST_KEY_UIApplicationSceneManifest_Generation = YES;
				INFOPLIST_KEY_UIApplicationSupportsIndirectInputEvents = YES;
				INFOPLIST_KEY_UILaunchScreen_Generation = YES;
				INFOPLIST_KEY_UISupportedInterfaceOrientations_iPad = "UIInterfaceOrientationPortrait UIInterfaceOrientationPortraitUpsideDown UIInterfaceOrientationLandscapeLeft UIInterfaceOrientationLandscapeRight";
				INFOPLIST_KEY_UISupportedInterfaceOrientations_iPhone = "UIInterfaceOrientationPortrait UIInterfaceOrientationLandscapeLeft UIInterfaceOrientationLandscapeRight";
				LD_RUNPATH_SEARCH_PATHS = (
					"$(inherited)",
					"@executable_path/Frameworks",
				);
				MARKETING_VERSION = 1.0;
				PRODUCT_BUNDLE_IDENTIFIER = com.laxmi.jellyapp.sri;
				PRODUCT_NAME = "$(TARGET_NAME)";
				SWIFT_EMIT_LOC_STRINGS = YES;
				SWIFT_VERSION = 5.0;
				TARGETED_DEVICE_FAMILY = "1,2";
			};
			name = Debug;
		};
		86EE45A22DEE5F3200A532D8 /* Release */ = {
			isa = XCBuildConfiguration;
			buildSettings = {
				ASSETCATALOG_COMPILER_APPICON_NAME = AppIcon;
				ASSETCATALOG_COMPILER_GLOBAL_ACCENT_COLOR_NAME = AccentColor;
				CODE_SIGN_STYLE = Automatic;
				CURRENT_PROJECT_VERSION = 1;
				DEVELOPMENT_TEAM = XR5FURT8Z7;
				ENABLE_PREVIEWS = YES;
				GENERATE_INFOPLIST_FILE = YES;
				INFOPLIST_FILE = JellyApp/Info.plist;
				INFOPLIST_KEY_NSCameraUsageDescription = "\"This app uses the camera to capture photos and videos.\"";
				INFOPLIST_KEY_NSMicrophoneUsageDescription = "\"This app requires access to the microphone to record audio with video.\"";
				INFOPLIST_KEY_UIApplicationSceneManifest_Generation = YES;
				INFOPLIST_KEY_UIApplicationSupportsIndirectInputEvents = YES;
				INFOPLIST_KEY_UILaunchScreen_Generation = YES;
				INFOPLIST_KEY_UISupportedInterfaceOrientations_iPad = "UIInterfaceOrientationPortrait UIInterfaceOrientationPortraitUpsideDown UIInterfaceOrientationLandscapeLeft UIInterfaceOrientationLandscapeRight";
				INFOPLIST_KEY_UISupportedInterfaceOrientations_iPhone = "UIInterfaceOrientationPortrait UIInterfaceOrientationLandscapeLeft UIInterfaceOrientationLandscapeRight";
				LD_RUNPATH_SEARCH_PATHS = (
					"$(inherited)",
					"@executable_path/Frameworks",
				);
				MARKETING_VERSION = 1.0;
				PRODUCT_BUNDLE_IDENTIFIER = com.laxmi.jellyapp.sri;
				PRODUCT_NAME = "$(TARGET_NAME)";
				SWIFT_EMIT_LOC_STRINGS = YES;
				SWIFT_VERSION = 5.0;
				TARGETED_DEVICE_FAMILY = "1,2";
			};
			name = Release;
		};
		86EE45A42DEE5F3200A532D8 /* Debug */ = {
			isa = XCBuildConfiguration;
			buildSettings = {
				BUNDLE_LOADER = "$(TEST_HOST)";
				CODE_SIGN_STYLE = Automatic;
				CURRENT_PROJECT_VERSION = 1;
				DEVELOPMENT_TEAM = XR5FURT8Z7;
				GENERATE_INFOPLIST_FILE = YES;
				IPHONEOS_DEPLOYMENT_TARGET = 18.5;
				MARKETING_VERSION = 1.0;
				PRODUCT_BUNDLE_IDENTIFIER = com.Laxmi.JellyAppTests;
				PRODUCT_NAME = "$(TARGET_NAME)";
				SWIFT_EMIT_LOC_STRINGS = NO;
				SWIFT_VERSION = 5.0;
				TARGETED_DEVICE_FAMILY = "1,2";
				TEST_HOST = "$(BUILT_PRODUCTS_DIR)/JellyApp.app/$(BUNDLE_EXECUTABLE_FOLDER_PATH)/JellyApp";
			};
			name = Debug;
		};
		86EE45A52DEE5F3200A532D8 /* Release */ = {
			isa = XCBuildConfiguration;
			buildSettings = {
				BUNDLE_LOADER = "$(TEST_HOST)";
				CODE_SIGN_STYLE = Automatic;
				CURRENT_PROJECT_VERSION = 1;
				DEVELOPMENT_TEAM = XR5FURT8Z7;
				GENERATE_INFOPLIST_FILE = YES;
				IPHONEOS_DEPLOYMENT_TARGET = 18.5;
				MARKETING_VERSION = 1.0;
				PRODUCT_BUNDLE_IDENTIFIER = com.Laxmi.JellyAppTests;
				PRODUCT_NAME = "$(TARGET_NAME)";
				SWIFT_EMIT_LOC_STRINGS = NO;
				SWIFT_VERSION = 5.0;
				TARGETED_DEVICE_FAMILY = "1,2";
				TEST_HOST = "$(BUILT_PRODUCTS_DIR)/JellyApp.app/$(BUNDLE_EXECUTABLE_FOLDER_PATH)/JellyApp";
			};
			name = Release;
		};
		86EE45A72DEE5F3200A532D8 /* Debug */ = {
			isa = XCBuildConfiguration;
			buildSettings = {
				CODE_SIGN_STYLE = Automatic;
				CURRENT_PROJECT_VERSION = 1;
				DEVELOPMENT_TEAM = XR5FURT8Z7;
				GENERATE_INFOPLIST_FILE = YES;
				MARKETING_VERSION = 1.0;
				PRODUCT_BUNDLE_IDENTIFIER = com.Laxmi.JellyAppUITests;
				PRODUCT_NAME = "$(TARGET_NAME)";
				SWIFT_EMIT_LOC_STRINGS = NO;
				SWIFT_VERSION = 5.0;
				TARGETED_DEVICE_FAMILY = "1,2";
				TEST_TARGET_NAME = JellyApp;
			};
			name = Debug;
		};
		86EE45A82DEE5F3200A532D8 /* Release */ = {
			isa = XCBuildConfiguration;
			buildSettings = {
				CODE_SIGN_STYLE = Automatic;
				CURRENT_PROJECT_VERSION = 1;
				DEVELOPMENT_TEAM = XR5FURT8Z7;
				GENERATE_INFOPLIST_FILE = YES;
				MARKETING_VERSION = 1.0;
				PRODUCT_BUNDLE_IDENTIFIER = com.Laxmi.JellyAppUITests;
				PRODUCT_NAME = "$(TARGET_NAME)";
				SWIFT_EMIT_LOC_STRINGS = NO;
				SWIFT_VERSION = 5.0;
				TARGETED_DEVICE_FAMILY = "1,2";
				TEST_TARGET_NAME = JellyApp;
			};
			name = Release;
		};
/* End XCBuildConfiguration section */

/* Begin XCConfigurationList section */
		86EE457A2DEE5F3000A532D8 /* Build configuration list for PBXProject "JellyApp" */ = {
			isa = XCConfigurationList;
			buildConfigurations = (
				86EE459E2DEE5F3200A532D8 /* Debug */,
				86EE459F2DEE5F3200A532D8 /* Release */,
			);
			defaultConfigurationIsVisible = 0;
			defaultConfigurationName = Release;
		};
		86EE45A02DEE5F3200A532D8 /* Build configuration list for PBXNativeTarget "JellyApp" */ = {
			isa = XCConfigurationList;
			buildConfigurations = (
				86EE45A12DEE5F3200A532D8 /* Debug */,
				86EE45A22DEE5F3200A532D8 /* Release */,
			);
			defaultConfigurationIsVisible = 0;
			defaultConfigurationName = Release;
		};
		86EE45A32DEE5F3200A532D8 /* Build configuration list for PBXNativeTarget "JellyAppTests" */ = {
			isa = XCConfigurationList;
			buildConfigurations = (
				86EE45A42DEE5F3200A532D8 /* Debug */,
				86EE45A52DEE5F3200A532D8 /* Release */,
			);
			defaultConfigurationIsVisible = 0;
			defaultConfigurationName = Release;
		};
		86EE45A62DEE5F3200A532D8 /* Build configuration list for PBXNativeTarget "JellyAppUITests" */ = {
			isa = XCConfigurationList;
			buildConfigurations = (
				86EE45A72DEE5F3200A532D8 /* Debug */,
				86EE45A82DEE5F3200A532D8 /* Release */,
			);
			defaultConfigurationIsVisible = 0;
			defaultConfigurationName = Release;
		};
/* End XCConfigurationList section */
	};
	rootObject = 86EE45772DEE5F3000A532D8 /* Project object */;
}
